
Microsoft Visual Studio Solution File, Format Version 12.00
# Visual Studio Version 17
VisualStudioVersion = 17.7.34031.279
MinimumVisualStudioVersion = 10.0.40219.1
Project("{2150E333-8FDC-42A3-9474-1A3956D46DE8}") = "Enterprise Business Rules", "Enterprise Business Rules", "{DA651C77-07F6-43BE-92A3-A24DB7CC3B83}"
EndProject
Project("{2150E333-8FDC-42A3-9474-1A3956D46DE8}") = "Application Business Rules", "Application Business Rules", "{C4E7DF88-5D0D-40C0-908C-8DEBAF75F4DD}"
EndProject
Project("{2150E333-8FDC-42A3-9474-1A3956D46DE8}") = "Interface Adapters", "Interface Adapters", "{82BE9246-6563-4517-B75C-054B02685667}"
EndProject
Project("{2150E333-8FDC-42A3-9474-1A3956D46DE8}") = "Frameworks And Drivers", "Frameworks And Drivers", "{9A64596B-EAB7-4E35-982C-E3C3844A7F84}"
EndProject
Project("{9A19103F-16F7-4668-BE54-9A1E7A4F7556}") = "NorthWind.Entities", "NorthWind.Entities\NorthWind.Entities.csproj", "{090D1C8A-DC4F-40C2-AF23-C73E7163F039}"
EndProject
Project("{2150E333-8FDC-42A3-9474-1A3956D46DE8}") = "Gateways", "Gateways", "{260CCB28-362E-4DCD-9809-5F87D94D9C79}"
EndProject
Project("{9A19103F-16F7-4668-BE54-9A1E7A4F7556}") = "NorthWind.Repositories.EFCore", "NorthWind.Repositories.EFCore\NorthWind.Repositories.EFCore.csproj", "{51897A99-FC47-42CE-AEAD-B9A6339FF4EF}"
EndProject
Project("{9A19103F-16F7-4668-BE54-9A1E7A4F7556}") = "NorthWind.UseCasesDTOs", "NorthWind.UseCasesDTOs\NorthWind.UseCasesDTOs.csproj", "{135166B0-010A-41D7-9BDC-24D181EC7C70}"
EndProject
Project("{9A19103F-16F7-4668-BE54-9A1E7A4F7556}") = "NorthWind.UseCases", "NorthWind.UseCases\NorthWind.UseCases.csproj", "{0C65BA47-A175-48EB-A3E0-8E3A613438D7}"
EndProject
Project("{9A19103F-16F7-4668-BE54-9A1E7A4F7556}") = "NorthWind.IoC", "NorthWind.IoC\NorthWind.IoC.csproj", "{B236D35A-DBC6-4A37-AD5A-183567CE8EEE}"
EndProject
Project("{2150E333-8FDC-42A3-9474-1A3956D46DE8}") = "Presenters", "Presenters", "{4295B3EA-D964-4088-AB7D-9D743A5E826A}"
EndProject
Project("{9A19103F-16F7-4668-BE54-9A1E7A4F7556}") = "NorthWind.WebExceptionsPresenters", "NorthWind.WebExceptionsPresenters\NorthWind.WebExceptionsPresenters.csproj", "{E56CC8FB-1D5F-43EF-890A-FD2C75FA9C0B}"
EndProject
Project("{9A19103F-16F7-4668-BE54-9A1E7A4F7556}") = "NorthWind.Presenters", "NorthWind.Presenters\NorthWind.Presenters.csproj", "{89907574-602B-4F60-BC27-7CC93D1FA66A}"
EndProject
Project("{2150E333-8FDC-42A3-9474-1A3956D46DE8}") = "Controllers", "Controllers", "{EDCF9B2E-0CA7-4931-9454-6428ACB13B5D}"
EndProject
Project("{9A19103F-16F7-4668-BE54-9A1E7A4F7556}") = "NorthWind.Controllers", "NorthWind.Controllers\NorthWind.Controllers.csproj", "{E5A19D05-E281-4351-ACEA-92F0ECBE8EF1}"
EndProject
Project("{2150E333-8FDC-42A3-9474-1A3956D46DE8}") = "UI", "UI", "{56F2EE04-CDFA-4938-84F3-E78F49EEB968}"
EndProject
Project("{9A19103F-16F7-4668-BE54-9A1E7A4F7556}") = "NorthWind.WebApi", "NorthWind.WebApi\NorthWind.WebApi.csproj", "{965D701B-228B-4AE2-A48E-C7C5785E0C91}"
EndProject
Project("{FAE04EC0-301F-11D3-BF4B-00C04F79EFBC}") = "NorthWind.UseCasesPorts", "NorthWind.UseCasesPorts\NorthWind.UseCasesPorts.csproj", "{CDCFB2AF-C96E-432A-8C99-FD682AAEC6B9}"
EndProject
Global
	GlobalSection(SolutionConfigurationPlatforms) = preSolution
		Debug|Any CPU = Debug|Any CPU
		Release|Any CPU = Release|Any CPU
	EndGlobalSection
	GlobalSection(ProjectConfigurationPlatforms) = postSolution
		{090D1C8A-DC4F-40C2-AF23-C73E7163F039}.Debug|Any CPU.ActiveCfg = Debug|Any CPU
		{090D1C8A-DC4F-40C2-AF23-C73E7163F039}.Debug|Any CPU.Build.0 = Debug|Any CPU
		{090D1C8A-DC4F-40C2-AF23-C73E7163F039}.Release|Any CPU.ActiveCfg = Release|Any CPU
		{090D1C8A-DC4F-40C2-AF23-C73E7163F039}.Release|Any CPU.Build.0 = Release|Any CPU
		{51897A99-FC47-42CE-AEAD-B9A6339FF4EF}.Debug|Any CPU.ActiveCfg = Debug|Any CPU
		{51897A99-FC47-42CE-AEAD-B9A6339FF4EF}.Debug|Any CPU.Build.0 = Debug|Any CPU
		{51897A99-FC47-42CE-AEAD-B9A6339FF4EF}.Release|Any CPU.ActiveCfg = Release|Any CPU
		{51897A99-FC47-42CE-AEAD-B9A6339FF4EF}.Release|Any CPU.Build.0 = Release|Any CPU
		{135166B0-010A-41D7-9BDC-24D181EC7C70}.Debug|Any CPU.ActiveCfg = Debug|Any CPU
		{135166B0-010A-41D7-9BDC-24D181EC7C70}.Debug|Any CPU.Build.0 = Debug|Any CPU
		{135166B0-010A-41D7-9BDC-24D181EC7C70}.Release|Any CPU.ActiveCfg = Release|Any CPU
		{135166B0-010A-41D7-9BDC-24D181EC7C70}.Release|Any CPU.Build.0 = Release|Any CPU
		{0C65BA47-A175-48EB-A3E0-8E3A613438D7}.Debug|Any CPU.ActiveCfg = Debug|Any CPU
		{0C65BA47-A175-48EB-A3E0-8E3A613438D7}.Debug|Any CPU.Build.0 = Debug|Any CPU
		{0C65BA47-A175-48EB-A3E0-8E3A613438D7}.Release|Any CPU.ActiveCfg = Release|Any CPU
		{0C65BA47-A175-48EB-A3E0-8E3A613438D7}.Release|Any CPU.Build.0 = Release|Any CPU
		{B236D35A-DBC6-4A37-AD5A-183567CE8EEE}.Debug|Any CPU.ActiveCfg = Debug|Any CPU
		{B236D35A-DBC6-4A37-AD5A-183567CE8EEE}.Debug|Any CPU.Build.0 = Debug|Any CPU
		{B236D35A-DBC6-4A37-AD5A-183567CE8EEE}.Release|Any CPU.ActiveCfg = Release|Any CPU
		{B236D35A-DBC6-4A37-AD5A-183567CE8EEE}.Release|Any CPU.Build.0 = Release|Any CPU
		{E56CC8FB-1D5F-43EF-890A-FD2C75FA9C0B}.Debug|Any CPU.ActiveCfg = Debug|Any CPU
		{E56CC8FB-1D5F-43EF-890A-FD2C75FA9C0B}.Debug|Any CPU.Build.0 = Debug|Any CPU
		{E56CC8FB-1D5F-43EF-890A-FD2C75FA9C0B}.Release|Any CPU.ActiveCfg = Release|Any CPU
		{E56CC8FB-1D5F-43EF-890A-FD2C75FA9C0B}.Release|Any CPU.Build.0 = Release|Any CPU
		{89907574-602B-4F60-BC27-7CC93D1FA66A}.Debug|Any CPU.ActiveCfg = Debug|Any CPU
		{89907574-602B-4F60-BC27-7CC93D1FA66A}.Debug|Any CPU.Build.0 = Debug|Any CPU
		{89907574-602B-4F60-BC27-7CC93D1FA66A}.Release|Any CPU.ActiveCfg = Release|Any CPU
		{89907574-602B-4F60-BC27-7CC93D1FA66A}.Release|Any CPU.Build.0 = Release|Any CPU
		{E5A19D05-E281-4351-ACEA-92F0ECBE8EF1}.Debug|Any CPU.ActiveCfg = Debug|Any CPU
		{E5A19D05-E281-4351-ACEA-92F0ECBE8EF1}.Debug|Any CPU.Build.0 = Debug|Any CPU
		{E5A19D05-E281-4351-ACEA-92F0ECBE8EF1}.Release|Any CPU.ActiveCfg = Release|Any CPU
		{E5A19D05-E281-4351-ACEA-92F0ECBE8EF1}.Release|Any CPU.Build.0 = Release|Any CPU
		{965D701B-228B-4AE2-A48E-C7C5785E0C91}.Debug|Any CPU.ActiveCfg = Debug|Any CPU
		{965D701B-228B-4AE2-A48E-C7C5785E0C91}.Debug|Any CPU.Build.0 = Debug|Any CPU
		{965D701B-228B-4AE2-A48E-C7C5785E0C91}.Release|Any CPU.ActiveCfg = Release|Any CPU
		{965D701B-228B-4AE2-A48E-C7C5785E0C91}.Release|Any CPU.Build.0 = Release|Any CPU
		{CDCFB2AF-C96E-432A-8C99-FD682AAEC6B9}.Debug|Any CPU.ActiveCfg = Debug|Any CPU
		{CDCFB2AF-C96E-432A-8C99-FD682AAEC6B9}.Debug|Any CPU.Build.0 = Debug|Any CPU
		{CDCFB2AF-C96E-432A-8C99-FD682AAEC6B9}.Release|Any CPU.ActiveCfg = Release|Any CPU
		{CDCFB2AF-C96E-432A-8C99-FD682AAEC6B9}.Release|Any CPU.Build.0 = Release|Any CPU
	EndGlobalSection
	GlobalSection(SolutionProperties) = preSolution
		HideSolutionNode = FALSE
	EndGlobalSection
	GlobalSection(NestedProjects) = preSolution
		{090D1C8A-DC4F-40C2-AF23-C73E7163F039} = {DA651C77-07F6-43BE-92A3-A24DB7CC3B83}
		{260CCB28-362E-4DCD-9809-5F87D94D9C79} = {82BE9246-6563-4517-B75C-054B02685667}
		{51897A99-FC47-42CE-AEAD-B9A6339FF4EF} = {260CCB28-362E-4DCD-9809-5F87D94D9C79}
		{135166B0-010A-41D7-9BDC-24D181EC7C70} = {C4E7DF88-5D0D-40C0-908C-8DEBAF75F4DD}
		{0C65BA47-A175-48EB-A3E0-8E3A613438D7} = {C4E7DF88-5D0D-40C0-908C-8DEBAF75F4DD}
		{B236D35A-DBC6-4A37-AD5A-183567CE8EEE} = {82BE9246-6563-4517-B75C-054B02685667}
		{4295B3EA-D964-4088-AB7D-9D743A5E826A} = {82BE9246-6563-4517-B75C-054B02685667}
		{E56CC8FB-1D5F-43EF-890A-FD2C75FA9C0B} = {4295B3EA-D964-4088-AB7D-9D743A5E826A}
		{89907574-602B-4F60-BC27-7CC93D1FA66A} = {4295B3EA-D964-4088-AB7D-9D743A5E826A}
		{EDCF9B2E-0CA7-4931-9454-6428ACB13B5D} = {82BE9246-6563-4517-B75C-054B02685667}
		{E5A19D05-E281-4351-ACEA-92F0ECBE8EF1} = {EDCF9B2E-0CA7-4931-9454-6428ACB13B5D}
		{56F2EE04-CDFA-4938-84F3-E78F49EEB968} = {9A64596B-EAB7-4E35-982C-E3C3844A7F84}
		{965D701B-228B-4AE2-A48E-C7C5785E0C91} = {56F2EE04-CDFA-4938-84F3-E78F49EEB968}
		{CDCFB2AF-C96E-432A-8C99-FD682AAEC6B9} = {C4E7DF88-5D0D-40C0-908C-8DEBAF75F4DD}
	EndGlobalSection
	GlobalSection(ExtensibilityGlobals) = postSolution
		SolutionGuid = {19B80A76-ACC9-4AE3-9617-16D2C954D6A6}
	EndGlobalSection
EndGlobal
